
Microsoft Visual Studio Solution File, Format Version 12.00
# Visual Studio Version 17
VisualStudioVersion = 17.5.33414.496
MinimumVisualStudioVersion = 10.0.40219.1
Project("{9A19103F-16F7-4668-BE54-9A1E7A4F7556}") = "SofthouseTask.Services", "SofhouseTask.Services\SofthouseTask.Services.csproj", "{748D1B1F-DFC3-47E4-A1A0-2ED7E9A3369C}"
EndProject
Project("{9A19103F-16F7-4668-BE54-9A1E7A4F7556}") = "SofthouseTask.DTO", "SofthouseTask.DTO\SofthouseTask.DTO.csproj", "{02E65E75-CFB9-4026-B132-2662A31ED58D}"
EndProject
Project("{9A19103F-16F7-4668-BE54-9A1E7A4F7556}") = "SofthouseTask.RestSharp", "SofthouseTask.RestSharp\SofthouseTask.RestSharp.csproj", "{46691F6C-661A-4906-94D3-2F158CBBDCDF}"
EndProject
Project("{9A19103F-16F7-4668-BE54-9A1E7A4F7556}") = "SofthouseTask.API", "SofthouseTask.API\SofthouseTask.API.csproj", "{33C8A715-AABF-4E65-A1F1-22E03F30315B}"
EndProject
Global
	GlobalSection(SolutionConfigurationPlatforms) = preSolution
		Debug|Any CPU = Debug|Any CPU
		Release|Any CPU = Release|Any CPU
	EndGlobalSection
	GlobalSection(ProjectConfigurationPlatforms) = postSolution
		{748D1B1F-DFC3-47E4-A1A0-2ED7E9A3369C}.Debug|Any CPU.ActiveCfg = Debug|Any CPU
		{748D1B1F-DFC3-47E4-A1A0-2ED7E9A3369C}.Debug|Any CPU.Build.0 = Debug|Any CPU
		{748D1B1F-DFC3-47E4-A1A0-2ED7E9A3369C}.Release|Any CPU.ActiveCfg = Release|Any CPU
		{748D1B1F-DFC3-47E4-A1A0-2ED7E9A3369C}.Release|Any CPU.Build.0 = Release|Any CPU
		{02E65E75-CFB9-4026-B132-2662A31ED58D}.Debug|Any CPU.ActiveCfg = Debug|Any CPU
		{02E65E75-CFB9-4026-B132-2662A31ED58D}.Debug|Any CPU.Build.0 = Debug|Any CPU
		{02E65E75-CFB9-4026-B132-2662A31ED58D}.Release|Any CPU.ActiveCfg = Release|Any CPU
		{02E65E75-CFB9-4026-B132-2662A31ED58D}.Release|Any CPU.Build.0 = Release|Any CPU
		{46691F6C-661A-4906-94D3-2F158CBBDCDF}.Debug|Any CPU.ActiveCfg = Debug|Any CPU
		{46691F6C-661A-4906-94D3-2F158CBBDCDF}.Debug|Any CPU.Build.0 = Debug|Any CPU
		{46691F6C-661A-4906-94D3-2F158CBBDCDF}.Release|Any CPU.ActiveCfg = Release|Any CPU
		{46691F6C-661A-4906-94D3-2F158CBBDCDF}.Release|Any CPU.Build.0 = Release|Any CPU
		{33C8A715-AABF-4E65-A1F1-22E03F30315B}.Debug|Any CPU.ActiveCfg = Debug|Any CPU
		{33C8A715-AABF-4E65-A1F1-22E03F30315B}.Debug|Any CPU.Build.0 = Debug|Any CPU
		{33C8A715-AABF-4E65-A1F1-22E03F30315B}.Release|Any CPU.ActiveCfg = Release|Any CPU
		{33C8A715-AABF-4E65-A1F1-22E03F30315B}.Release|Any CPU.Build.0 = Release|Any CPU
	EndGlobalSection
	GlobalSection(SolutionProperties) = preSolution
		HideSolutionNode = FALSE
	EndGlobalSection
	GlobalSection(ExtensibilityGlobals) = postSolution
		SolutionGuid = {DF4742DE-A63F-4D65-987D-301CC979C0FA}
	EndGlobalSection
EndGlobal
